
Microsoft Visual Studio Solution File, Format Version 12.00
# Visual Studio Version 17
VisualStudioVersion = 17.9.34728.123
MinimumVisualStudioVersion = 10.0.40219.1
Project("{9A19103F-16F7-4668-BE54-9A1E7A4F7556}") = "CitasMedicas.AutenticacionApi", "CitasMedicas.AutenticacionApi\CitasMedicas.AutenticacionApi.csproj", "{86CFDF6B-2C19-466E-9169-39DA17EE191E}"
EndProject
Global
	GlobalSection(SolutionConfigurationPlatforms) = preSolution
		Debug|Any CPU = Debug|Any CPU
		Release|Any CPU = Release|Any CPU
	EndGlobalSection
	GlobalSection(ProjectConfigurationPlatforms) = postSolution
		{86CFDF6B-2C19-466E-9169-39DA17EE191E}.Debug|Any CPU.ActiveCfg = Debug|Any CPU
		{86CFDF6B-2C19-466E-9169-39DA17EE191E}.Debug|Any CPU.Build.0 = Debug|Any CPU
		{86CFDF6B-2C19-466E-9169-39DA17EE191E}.Release|Any CPU.ActiveCfg = Release|Any CPU
		{86CFDF6B-2C19-466E-9169-39DA17EE191E}.Release|Any CPU.Build.0 = Release|Any CPU
	EndGlobalSection
	GlobalSection(SolutionProperties) = preSolution
		HideSolutionNode = FALSE
	EndGlobalSection
	GlobalSection(ExtensibilityGlobals) = postSolution
		SolutionGuid = {6FFD6368-F66F-4FD0-A354-C5383A827DCD}
	EndGlobalSection
EndGlobal
